
Microsoft Visual Studio Solution File, Format Version 12.00
# Visual Studio 15
VisualStudioVersion = 15.0.28307.489
MinimumVisualStudioVersion = 10.0.40219.1
Project("{888888A0-9F3D-457C-B088-3A5042F75D52}") = "QueueWebProject", "QueueWebProject\QueueWebProject.pyproj", "{0BFF4D64-6377-4235-A760-E972B0FBD745}"
EndProject
Global
	GlobalSection(SolutionConfigurationPlatforms) = preSolution
		Debug|Any CPU = Debug|Any CPU
		Release|Any CPU = Release|Any CPU
	EndGlobalSection
	GlobalSection(ProjectConfigurationPlatforms) = postSolution
		{0BFF4D64-6377-4235-A760-E972B0FBD745}.Debug|Any CPU.ActiveCfg = Debug|Any CPU
		{0BFF4D64-6377-4235-A760-E972B0FBD745}.Debug|Any CPU.Build.0 = Debug|Any CPU
		{0BFF4D64-6377-4235-A760-E972B0FBD745}.Release|Any CPU.ActiveCfg = Release|Any CPU
		{0BFF4D64-6377-4235-A760-E972B0FBD745}.Release|Any CPU.Build.0 = Release|Any CPU
	EndGlobalSection
	GlobalSection(SolutionProperties) = preSolution
		HideSolutionNode = FALSE
	EndGlobalSection
	GlobalSection(ExtensibilityGlobals) = postSolution
		SolutionGuid = {4E9A6258-8A54-41C7-8C0C-0BCEB9C8803B}
	EndGlobalSection
EndGlobal
